
Microsoft Visual Studio Solution File, Format Version 12.00
# Visual Studio Version 16
VisualStudioVersion = 16.0.31205.134
MinimumVisualStudioVersion = 10.0.40219.1
Project("{FAE04EC0-301F-11D3-BF4B-00C04F79EFBC}") = "CapaNegocio", "CapaNegocio\CapaNegocio.csproj", "{345A3349-E088-40D2-8231-AAA5125E7DC4}"
EndProject
Project("{F184B08F-C81C-45F6-A57F-5ABD9991F28F}") = "CapaPresentacion", "CapaPresentacion\CapaPresentacion.vbproj", "{18EA63A8-19D4-461D-A96E-C0CF965EDC89}"
EndProject
Global
	GlobalSection(SolutionConfigurationPlatforms) = preSolution
		Debug|Any CPU = Debug|Any CPU
		Release|Any CPU = Release|Any CPU
	EndGlobalSection
	GlobalSection(ProjectConfigurationPlatforms) = postSolution
		{345A3349-E088-40D2-8231-AAA5125E7DC4}.Debug|Any CPU.ActiveCfg = Debug|Any CPU
		{345A3349-E088-40D2-8231-AAA5125E7DC4}.Debug|Any CPU.Build.0 = Debug|Any CPU
		{345A3349-E088-40D2-8231-AAA5125E7DC4}.Release|Any CPU.ActiveCfg = Release|Any CPU
		{345A3349-E088-40D2-8231-AAA5125E7DC4}.Release|Any CPU.Build.0 = Release|Any CPU
		{18EA63A8-19D4-461D-A96E-C0CF965EDC89}.Debug|Any CPU.ActiveCfg = Debug|Any CPU
		{18EA63A8-19D4-461D-A96E-C0CF965EDC89}.Debug|Any CPU.Build.0 = Debug|Any CPU
		{18EA63A8-19D4-461D-A96E-C0CF965EDC89}.Release|Any CPU.ActiveCfg = Release|Any CPU
		{18EA63A8-19D4-461D-A96E-C0CF965EDC89}.Release|Any CPU.Build.0 = Release|Any CPU
	EndGlobalSection
	GlobalSection(SolutionProperties) = preSolution
		HideSolutionNode = FALSE
	EndGlobalSection
	GlobalSection(ExtensibilityGlobals) = postSolution
		SolutionGuid = {7EC62367-58E7-44B6-BEE7-0B1331F42DCA}
	EndGlobalSection
EndGlobal
